{
  "version": 4,
  "terraform_version": "1.3.7",
  "serial": 1,
  "lineage": "3e0f805c-6c01-0184-bdce-7894582e9912",
  "outputs": {},
  "resources": [
    {
      "mode": "managed",
      "type": "local_file",
      "name": "lala",
      "provider": "provider[\"registry.terraform.io/hashicorp/local\"]",
      "instances": [
        {
          "schema_version": 0,
          "attributes": {
            "content": "Lala jest super !",
            "content_base64": null,
            "content_base64sha256": "9ZFpEkVYSyvIOO9AFL6oNJ+trLIzCfL4gU7BaIsemtk=",
            "content_base64sha512": "X8IgzA6uJlCWEijIUzhHs/zLymBXXOqqisw2nG7sAZD4NZauXQJ6xBHjUOgT6/OTg/IneYQ1KYeAqbjn446l1g==",
            "content_md5": "8c05346ef4ff75cb0118cab3eb3cb96c",
            "content_sha1": "99d0357b457a0b1f0cf8dd2102e52deb48d57bdc",
            "content_sha256": "f591691245584b2bc838ef4014bea8349fadacb23309f2f8814ec1688b1e9ad9",
            "content_sha512": "5fc220cc0eae2650961228c8533847b3fccbca60575ceaaa8acc369c6eec0190f83596ae5d027ac411e350e813ebf39383f227798435298780a9b8e7e38ea5d6",
            "directory_permission": "0777",
            "file_permission": "0777",
            "filename": "/tmp/lala.txt",
            "id": "99d0357b457a0b1f0cf8dd2102e52deb48d57bdc",
            "sensitive_content": null,
            "source": null
          },
          "sensitive_attributes": []
        }
      ]
    }
  ],
  "check_results": null
}
